
Microsoft Visual Studio Solution File, Format Version 12.00
# Visual Studio 14
VisualStudioVersion = 14.0.25420.1
MinimumVisualStudioVersion = 10.0.40219.1
Project("{FAE04EC0-301F-11D3-BF4B-00C04F79EFBC}") = "RazzleServer", "RazzleServer\RazzleServer.csproj", "{23750A73-86BE-49CF-9159-39B34627990F}"
EndProject
Project("{FAE04EC0-301F-11D3-BF4B-00C04F79EFBC}") = "RazzleServer.Data", "RazzleServer.DB\RazzleServer.Data.csproj", "{728BCBCC-1E8D-4AE6-B40D-05B54FED815F}"
EndProject
Project("{FAE04EC0-301F-11D3-BF4B-00C04F79EFBC}") = "RazzleServer.Tests", "RazzleServer.Tests\RazzleServer.Tests.csproj", "{99BD0C50-8420-4E09-9F7B-C465C4537115}"
EndProject
Project("{FAE04EC0-301F-11D3-BF4B-00C04F79EFBC}") = "RazzleServer.Benchmarks", "RazzleServer.Benchmarks\RazzleServer.Benchmarks.csproj", "{967878AD-4C7C-4F45-87FD-AE314EECDB74}"
EndProject
Global
	GlobalSection(SolutionConfigurationPlatforms) = preSolution
		Debug|Any CPU = Debug|Any CPU
		Release|Any CPU = Release|Any CPU
	EndGlobalSection
	GlobalSection(ProjectConfigurationPlatforms) = postSolution
		{23750A73-86BE-49CF-9159-39B34627990F}.Debug|Any CPU.ActiveCfg = Debug|Any CPU
		{23750A73-86BE-49CF-9159-39B34627990F}.Debug|Any CPU.Build.0 = Debug|Any CPU
		{23750A73-86BE-49CF-9159-39B34627990F}.Release|Any CPU.ActiveCfg = Release|Any CPU
		{23750A73-86BE-49CF-9159-39B34627990F}.Release|Any CPU.Build.0 = Release|Any CPU
		{728BCBCC-1E8D-4AE6-B40D-05B54FED815F}.Debug|Any CPU.ActiveCfg = Debug|Any CPU
		{728BCBCC-1E8D-4AE6-B40D-05B54FED815F}.Debug|Any CPU.Build.0 = Debug|Any CPU
		{728BCBCC-1E8D-4AE6-B40D-05B54FED815F}.Release|Any CPU.ActiveCfg = Release|Any CPU
		{728BCBCC-1E8D-4AE6-B40D-05B54FED815F}.Release|Any CPU.Build.0 = Release|Any CPU
		{4B8CD672-EC8E-43F2-BC2D-E0A1BA026157}.Debug|Any CPU.ActiveCfg = Debug|Any CPU
		{4B8CD672-EC8E-43F2-BC2D-E0A1BA026157}.Debug|Any CPU.Build.0 = Debug|Any CPU
		{4B8CD672-EC8E-43F2-BC2D-E0A1BA026157}.Release|Any CPU.ActiveCfg = Release|Any CPU
		{4B8CD672-EC8E-43F2-BC2D-E0A1BA026157}.Release|Any CPU.Build.0 = Release|Any CPU
		{99BD0C50-8420-4E09-9F7B-C465C4537115}.Debug|Any CPU.ActiveCfg = Debug|Any CPU
		{99BD0C50-8420-4E09-9F7B-C465C4537115}.Debug|Any CPU.Build.0 = Debug|Any CPU
		{99BD0C50-8420-4E09-9F7B-C465C4537115}.Release|Any CPU.ActiveCfg = Release|Any CPU
		{99BD0C50-8420-4E09-9F7B-C465C4537115}.Release|Any CPU.Build.0 = Release|Any CPU
		{967878AD-4C7C-4F45-87FD-AE314EECDB74}.Debug|Any CPU.ActiveCfg = Debug|Any CPU
		{967878AD-4C7C-4F45-87FD-AE314EECDB74}.Debug|Any CPU.Build.0 = Debug|Any CPU
		{967878AD-4C7C-4F45-87FD-AE314EECDB74}.Release|Any CPU.ActiveCfg = Release|Any CPU
		{967878AD-4C7C-4F45-87FD-AE314EECDB74}.Release|Any CPU.Build.0 = Release|Any CPU
	EndGlobalSection
	GlobalSection(SolutionProperties) = preSolution
		HideSolutionNode = FALSE
	EndGlobalSection
EndGlobal
